
Microsoft Visual Studio Solution File, Format Version 12.00
# Visual Studio Version 16
VisualStudioVersion = 16.0.30204.135
MinimumVisualStudioVersion = 10.0.40219.1
Project("{9A19103F-16F7-4668-BE54-9A1E7A4F7556}") = "FeedMe2", "FeedMe2\FeedMe2.csproj", "{5FF614BB-E982-4DD9-B3A9-1C60E9FCFBF4}"
EndProject
Project("{9A19103F-16F7-4668-BE54-9A1E7A4F7556}") = "FeedMe.Server", "FeedMe.Server\FeedMe.Server.csproj", "{186F5D20-7B05-429B-8E3F-404AA726BA73}"
EndProject
Project("{9A19103F-16F7-4668-BE54-9A1E7A4F7556}") = "FeedMe.Network", "FeedMe.Network\FeedMe.Network.csproj", "{2FEA4604-1D53-49ED-9B62-F76EEEAC3609}"
EndProject
Project("{9A19103F-16F7-4668-BE54-9A1E7A4F7556}") = "FeedMe.Core", "FeedMe.Core\FeedMe.Core.csproj", "{2020A5F4-9CE8-4291-AD77-A42732F6155F}"
EndProject
Global
	GlobalSection(SolutionConfigurationPlatforms) = preSolution
		Debug|Any CPU = Debug|Any CPU
		Release|Any CPU = Release|Any CPU
	EndGlobalSection
	GlobalSection(ProjectConfigurationPlatforms) = postSolution
		{5FF614BB-E982-4DD9-B3A9-1C60E9FCFBF4}.Debug|Any CPU.ActiveCfg = Debug|Any CPU
		{5FF614BB-E982-4DD9-B3A9-1C60E9FCFBF4}.Debug|Any CPU.Build.0 = Debug|Any CPU
		{5FF614BB-E982-4DD9-B3A9-1C60E9FCFBF4}.Release|Any CPU.ActiveCfg = Release|Any CPU
		{5FF614BB-E982-4DD9-B3A9-1C60E9FCFBF4}.Release|Any CPU.Build.0 = Release|Any CPU
		{186F5D20-7B05-429B-8E3F-404AA726BA73}.Debug|Any CPU.ActiveCfg = Debug|Any CPU
		{186F5D20-7B05-429B-8E3F-404AA726BA73}.Debug|Any CPU.Build.0 = Debug|Any CPU
		{186F5D20-7B05-429B-8E3F-404AA726BA73}.Release|Any CPU.ActiveCfg = Release|Any CPU
		{186F5D20-7B05-429B-8E3F-404AA726BA73}.Release|Any CPU.Build.0 = Release|Any CPU
		{2FEA4604-1D53-49ED-9B62-F76EEEAC3609}.Debug|Any CPU.ActiveCfg = Debug|Any CPU
		{2FEA4604-1D53-49ED-9B62-F76EEEAC3609}.Debug|Any CPU.Build.0 = Debug|Any CPU
		{2FEA4604-1D53-49ED-9B62-F76EEEAC3609}.Release|Any CPU.ActiveCfg = Release|Any CPU
		{2FEA4604-1D53-49ED-9B62-F76EEEAC3609}.Release|Any CPU.Build.0 = Release|Any CPU
		{2020A5F4-9CE8-4291-AD77-A42732F6155F}.Debug|Any CPU.ActiveCfg = Debug|Any CPU
		{2020A5F4-9CE8-4291-AD77-A42732F6155F}.Debug|Any CPU.Build.0 = Debug|Any CPU
		{2020A5F4-9CE8-4291-AD77-A42732F6155F}.Release|Any CPU.ActiveCfg = Release|Any CPU
		{2020A5F4-9CE8-4291-AD77-A42732F6155F}.Release|Any CPU.Build.0 = Release|Any CPU
	EndGlobalSection
	GlobalSection(SolutionProperties) = preSolution
		HideSolutionNode = FALSE
	EndGlobalSection
	GlobalSection(ExtensibilityGlobals) = postSolution
		SolutionGuid = {778D163B-CB2D-4F15-96F3-0101D785E97C}
	EndGlobalSection
EndGlobal
